
Microsoft Visual Studio Solution File, Format Version 12.00
# Visual Studio 15
VisualStudioVersion = 15.0.26124.0
MinimumVisualStudioVersion = 15.0.26124.0
Project("{FAE04EC0-301F-11D3-BF4B-00C04F79EFBC}") = "Kanban", "Kanban\Kanban.csproj", "{2A4E7086-8FF2-419C-B0BE-68E764BDFD72}"
EndProject
Project("{FAE04EC0-301F-11D3-BF4B-00C04F79EFBC}") = "Models", "Models\Models.csproj", "{C3780E39-8EE5-4656-935B-592674A62C9C}"
EndProject
Project("{FAE04EC0-301F-11D3-BF4B-00C04F79EFBC}") = "RepoInterface", "RepoInterface\RepoInterface.csproj", "{1EFAA33F-24C6-471A-87A7-73CDF2B3561D}"
EndProject
Project("{FAE04EC0-301F-11D3-BF4B-00C04F79EFBC}") = "Repo", "Repo\Repo.csproj", "{033AA74C-08E3-4C31-A015-4719FF3DA277}"
EndProject
Project("{FAE04EC0-301F-11D3-BF4B-00C04F79EFBC}") = "ServicesInterface", "ServicesInterface\ServicesInterface.csproj", "{669019C6-92E2-4A4D-AA6B-F05B001D8401}"
EndProject
Project("{FAE04EC0-301F-11D3-BF4B-00C04F79EFBC}") = "Services", "Services\Services.csproj", "{0CA3B4D0-6ED3-4AA0-A018-2FE4688D0ED4}"
EndProject
Global
	GlobalSection(SolutionConfigurationPlatforms) = preSolution
		Debug|Any CPU = Debug|Any CPU
		Debug|x64 = Debug|x64
		Debug|x86 = Debug|x86
		Release|Any CPU = Release|Any CPU
		Release|x64 = Release|x64
		Release|x86 = Release|x86
	EndGlobalSection
	GlobalSection(SolutionProperties) = preSolution
		HideSolutionNode = FALSE
	EndGlobalSection
	GlobalSection(ProjectConfigurationPlatforms) = postSolution
		{2A4E7086-8FF2-419C-B0BE-68E764BDFD72}.Debug|Any CPU.ActiveCfg = Debug|Any CPU
		{2A4E7086-8FF2-419C-B0BE-68E764BDFD72}.Debug|Any CPU.Build.0 = Debug|Any CPU
		{2A4E7086-8FF2-419C-B0BE-68E764BDFD72}.Debug|x64.ActiveCfg = Debug|Any CPU
		{2A4E7086-8FF2-419C-B0BE-68E764BDFD72}.Debug|x64.Build.0 = Debug|Any CPU
		{2A4E7086-8FF2-419C-B0BE-68E764BDFD72}.Debug|x86.ActiveCfg = Debug|Any CPU
		{2A4E7086-8FF2-419C-B0BE-68E764BDFD72}.Debug|x86.Build.0 = Debug|Any CPU
		{2A4E7086-8FF2-419C-B0BE-68E764BDFD72}.Release|Any CPU.ActiveCfg = Release|Any CPU
		{2A4E7086-8FF2-419C-B0BE-68E764BDFD72}.Release|Any CPU.Build.0 = Release|Any CPU
		{2A4E7086-8FF2-419C-B0BE-68E764BDFD72}.Release|x64.ActiveCfg = Release|Any CPU
		{2A4E7086-8FF2-419C-B0BE-68E764BDFD72}.Release|x64.Build.0 = Release|Any CPU
		{2A4E7086-8FF2-419C-B0BE-68E764BDFD72}.Release|x86.ActiveCfg = Release|Any CPU
		{2A4E7086-8FF2-419C-B0BE-68E764BDFD72}.Release|x86.Build.0 = Release|Any CPU
		{C3780E39-8EE5-4656-935B-592674A62C9C}.Debug|Any CPU.ActiveCfg = Debug|Any CPU
		{C3780E39-8EE5-4656-935B-592674A62C9C}.Debug|Any CPU.Build.0 = Debug|Any CPU
		{C3780E39-8EE5-4656-935B-592674A62C9C}.Debug|x64.ActiveCfg = Debug|Any CPU
		{C3780E39-8EE5-4656-935B-592674A62C9C}.Debug|x64.Build.0 = Debug|Any CPU
		{C3780E39-8EE5-4656-935B-592674A62C9C}.Debug|x86.ActiveCfg = Debug|Any CPU
		{C3780E39-8EE5-4656-935B-592674A62C9C}.Debug|x86.Build.0 = Debug|Any CPU
		{C3780E39-8EE5-4656-935B-592674A62C9C}.Release|Any CPU.ActiveCfg = Release|Any CPU
		{C3780E39-8EE5-4656-935B-592674A62C9C}.Release|Any CPU.Build.0 = Release|Any CPU
		{C3780E39-8EE5-4656-935B-592674A62C9C}.Release|x64.ActiveCfg = Release|Any CPU
		{C3780E39-8EE5-4656-935B-592674A62C9C}.Release|x64.Build.0 = Release|Any CPU
		{C3780E39-8EE5-4656-935B-592674A62C9C}.Release|x86.ActiveCfg = Release|Any CPU
		{C3780E39-8EE5-4656-935B-592674A62C9C}.Release|x86.Build.0 = Release|Any CPU
		{1EFAA33F-24C6-471A-87A7-73CDF2B3561D}.Debug|Any CPU.ActiveCfg = Debug|Any CPU
		{1EFAA33F-24C6-471A-87A7-73CDF2B3561D}.Debug|Any CPU.Build.0 = Debug|Any CPU
		{1EFAA33F-24C6-471A-87A7-73CDF2B3561D}.Debug|x64.ActiveCfg = Debug|Any CPU
		{1EFAA33F-24C6-471A-87A7-73CDF2B3561D}.Debug|x64.Build.0 = Debug|Any CPU
		{1EFAA33F-24C6-471A-87A7-73CDF2B3561D}.Debug|x86.ActiveCfg = Debug|Any CPU
		{1EFAA33F-24C6-471A-87A7-73CDF2B3561D}.Debug|x86.Build.0 = Debug|Any CPU
		{1EFAA33F-24C6-471A-87A7-73CDF2B3561D}.Release|Any CPU.ActiveCfg = Release|Any CPU
		{1EFAA33F-24C6-471A-87A7-73CDF2B3561D}.Release|Any CPU.Build.0 = Release|Any CPU
		{1EFAA33F-24C6-471A-87A7-73CDF2B3561D}.Release|x64.ActiveCfg = Release|Any CPU
		{1EFAA33F-24C6-471A-87A7-73CDF2B3561D}.Release|x64.Build.0 = Release|Any CPU
		{1EFAA33F-24C6-471A-87A7-73CDF2B3561D}.Release|x86.ActiveCfg = Release|Any CPU
		{1EFAA33F-24C6-471A-87A7-73CDF2B3561D}.Release|x86.Build.0 = Release|Any CPU
		{033AA74C-08E3-4C31-A015-4719FF3DA277}.Debug|Any CPU.ActiveCfg = Debug|Any CPU
		{033AA74C-08E3-4C31-A015-4719FF3DA277}.Debug|Any CPU.Build.0 = Debug|Any CPU
		{033AA74C-08E3-4C31-A015-4719FF3DA277}.Debug|x64.ActiveCfg = Debug|Any CPU
		{033AA74C-08E3-4C31-A015-4719FF3DA277}.Debug|x64.Build.0 = Debug|Any CPU
		{033AA74C-08E3-4C31-A015-4719FF3DA277}.Debug|x86.ActiveCfg = Debug|Any CPU
		{033AA74C-08E3-4C31-A015-4719FF3DA277}.Debug|x86.Build.0 = Debug|Any CPU
		{033AA74C-08E3-4C31-A015-4719FF3DA277}.Release|Any CPU.ActiveCfg = Release|Any CPU
		{033AA74C-08E3-4C31-A015-4719FF3DA277}.Release|Any CPU.Build.0 = Release|Any CPU
		{033AA74C-08E3-4C31-A015-4719FF3DA277}.Release|x64.ActiveCfg = Release|Any CPU
		{033AA74C-08E3-4C31-A015-4719FF3DA277}.Release|x64.Build.0 = Release|Any CPU
		{033AA74C-08E3-4C31-A015-4719FF3DA277}.Release|x86.ActiveCfg = Release|Any CPU
		{033AA74C-08E3-4C31-A015-4719FF3DA277}.Release|x86.Build.0 = Release|Any CPU
		{669019C6-92E2-4A4D-AA6B-F05B001D8401}.Debug|Any CPU.ActiveCfg = Debug|Any CPU
		{669019C6-92E2-4A4D-AA6B-F05B001D8401}.Debug|Any CPU.Build.0 = Debug|Any CPU
		{669019C6-92E2-4A4D-AA6B-F05B001D8401}.Debug|x64.ActiveCfg = Debug|Any CPU
		{669019C6-92E2-4A4D-AA6B-F05B001D8401}.Debug|x64.Build.0 = Debug|Any CPU
		{669019C6-92E2-4A4D-AA6B-F05B001D8401}.Debug|x86.ActiveCfg = Debug|Any CPU
		{669019C6-92E2-4A4D-AA6B-F05B001D8401}.Debug|x86.Build.0 = Debug|Any CPU
		{669019C6-92E2-4A4D-AA6B-F05B001D8401}.Release|Any CPU.ActiveCfg = Release|Any CPU
		{669019C6-92E2-4A4D-AA6B-F05B001D8401}.Release|Any CPU.Build.0 = Release|Any CPU
		{669019C6-92E2-4A4D-AA6B-F05B001D8401}.Release|x64.ActiveCfg = Release|Any CPU
		{669019C6-92E2-4A4D-AA6B-F05B001D8401}.Release|x64.Build.0 = Release|Any CPU
		{669019C6-92E2-4A4D-AA6B-F05B001D8401}.Release|x86.ActiveCfg = Release|Any CPU
		{669019C6-92E2-4A4D-AA6B-F05B001D8401}.Release|x86.Build.0 = Release|Any CPU
		{0CA3B4D0-6ED3-4AA0-A018-2FE4688D0ED4}.Debug|Any CPU.ActiveCfg = Debug|Any CPU
		{0CA3B4D0-6ED3-4AA0-A018-2FE4688D0ED4}.Debug|Any CPU.Build.0 = Debug|Any CPU
		{0CA3B4D0-6ED3-4AA0-A018-2FE4688D0ED4}.Debug|x64.ActiveCfg = Debug|Any CPU
		{0CA3B4D0-6ED3-4AA0-A018-2FE4688D0ED4}.Debug|x64.Build.0 = Debug|Any CPU
		{0CA3B4D0-6ED3-4AA0-A018-2FE4688D0ED4}.Debug|x86.ActiveCfg = Debug|Any CPU
		{0CA3B4D0-6ED3-4AA0-A018-2FE4688D0ED4}.Debug|x86.Build.0 = Debug|Any CPU
		{0CA3B4D0-6ED3-4AA0-A018-2FE4688D0ED4}.Release|Any CPU.ActiveCfg = Release|Any CPU
		{0CA3B4D0-6ED3-4AA0-A018-2FE4688D0ED4}.Release|Any CPU.Build.0 = Release|Any CPU
		{0CA3B4D0-6ED3-4AA0-A018-2FE4688D0ED4}.Release|x64.ActiveCfg = Release|Any CPU
		{0CA3B4D0-6ED3-4AA0-A018-2FE4688D0ED4}.Release|x64.Build.0 = Release|Any CPU
		{0CA3B4D0-6ED3-4AA0-A018-2FE4688D0ED4}.Release|x86.ActiveCfg = Release|Any CPU
		{0CA3B4D0-6ED3-4AA0-A018-2FE4688D0ED4}.Release|x86.Build.0 = Release|Any CPU
	EndGlobalSection
EndGlobal
